// !$*UTF8*$!
{
	archiveVersion = 1;
	classes = {
	};
	objectVersion = 55;
	objects = {

/* Begin PBXBuildFile section */
		DE9FD9A5279EE87B00279176 /* AppDelegate.swift in Sources */ = {isa = PBXBuildFile; fileRef = DE9FD9A4279EE87B00279176 /* AppDelegate.swift */; };
		DE9FD9A7279EE87B00279176 /* SceneDelegate.swift in Sources */ = {isa = PBXBuildFile; fileRef = DE9FD9A6279EE87B00279176 /* SceneDelegate.swift */; };
		DE9FD9A9279EE87B00279176 /* ViewController.swift in Sources */ = {isa = PBXBuildFile; fileRef = DE9FD9A8279EE87B00279176 /* ViewController.swift */; };
		DE9FD9AC279EE87B00279176 /* Main.storyboard in Resources */ = {isa = PBXBuildFile; fileRef = DE9FD9AA279EE87B00279176 /* Main.storyboard */; };
		DE9FD9AE279EE87B00279176 /* Assets.xcassets in Resources */ = {isa = PBXBuildFile; fileRef = DE9FD9AD279EE87B00279176 /* Assets.xcassets */; };
		DE9FD9B1279EE87B00279176 /* LaunchScreen.storyboard in Resources */ = {isa = PBXBuildFile; fileRef = DE9FD9AF279EE87B00279176 /* LaunchScreen.storyboard */; };
		DE9FD9BC279EE87B00279176 /* MapTests.swift in Sources */ = {isa = PBXBuildFile; fileRef = DE9FD9BB279EE87B00279176 /* MapTests.swift */; };
		DE9FD9C6279EE87B00279176 /* MapUITests.swift in Sources */ = {isa = PBXBuildFile; fileRef = DE9FD9C5279EE87B00279176 /* MapUITests.swift */; };
		DE9FD9C8279EE87B00279176 /* MapUITestsLaunchTests.swift in Sources */ = {isa = PBXBuildFile; fileRef = DE9FD9C7279EE87B00279176 /* MapUITestsLaunchTests.swift */; };
/* End PBXBuildFile section */

/* Begin PBXContainerItemProxy section */
		DE9FD9B8279EE87B00279176 /* PBXContainerItemProxy */ = {
			isa = PBXContainerItemProxy;
			containerPortal = DE9FD999279EE87A00279176 /* Project object */;
			proxyType = 1;
			remoteGlobalIDString = DE9FD9A0279EE87B00279176;
			remoteInfo = Map;
		};
		DE9FD9C2279EE87B00279176 /* PBXContainerItemProxy */ = {
			isa = PBXContainerItemProxy;
			containerPortal = DE9FD999279EE87A00279176 /* Project object */;
			proxyType = 1;
			remoteGlobalIDString = DE9FD9A0279EE87B00279176;
			remoteInfo = Map;
		};
/* End PBXContainerItemProxy section */

/* Begin PBXFileReference section */
		DE9FD9A1279EE87B00279176 /* Map.app */ = {isa = PBXFileReference; explicitFileType = wrapper.application; includeInIndex = 0; path = Map.app; sourceTree = BUILT_PRODUCTS_DIR; };
		DE9FD9A4279EE87B00279176 /* AppDelegate.swift */ = {isa = PBXFileReference; lastKnownFileType = sourcecode.swift; path = AppDelegate.swift; sourceTree = "<group>"; };
		DE9FD9A6279EE87B00279176 /* SceneDelegate.swift */ = {isa = PBXFileReference; lastKnownFileType = sourcecode.swift; path = SceneDelegate.swift; sourceTree = "<group>"; };
		DE9FD9A8279EE87B00279176 /* ViewController.swift */ = {isa = PBXFileReference; lastKnownFileType = sourcecode.swift; path = ViewController.swift; sourceTree = "<group>"; };
		DE9FD9AB279EE87B00279176 /* Base */ = {isa = PBXFileReference; lastKnownFileType = file.storyboard; name = Base; path = Base.lproj/Main.storyboard; sourceTree = "<group>"; };
		DE9FD9AD279EE87B00279176 /* Assets.xcassets */ = {isa = PBXFileReference; lastKnownFileType = folder.assetcatalog; path = Assets.xcassets; sourceTree = "<group>"; };
		DE9FD9B0279EE87B00279176 /* Base */ = {isa = PBXFileReference; lastKnownFileType = file.storyboard; name = Base; path = Base.lproj/LaunchScreen.storyboard; sourceTree = "<group>"; };
		DE9FD9B2279EE87B00279176 /* Info.plist */ = {isa = PBXFileReference; lastKnownFileType = text.plist.xml; path = Info.plist; sourceTree = "<group>"; };
		DE9FD9B7279EE87B00279176 /* MapTests.xctest */ = {isa = PBXFileReference; explicitFileType = wrapper.cfbundle; includeInIndex = 0; path = MapTests.xctest; sourceTree = BUILT_PRODUCTS_DIR; };
		DE9FD9BB279EE87B00279176 /* MapTests.swift */ = {isa = PBXFileReference; lastKnownFileType = sourcecode.swift; path = MapTests.swift; sourceTree = "<group>"; };
		DE9FD9C1279EE87B00279176 /* MapUITests.xctest */ = {isa = PBXFileReference; explicitFileType = wrapper.cfbundle; includeInIndex = 0; path = MapUITests.xctest; sourceTree = BUILT_PRODUCTS_DIR; };
		DE9FD9C5279EE87B00279176 /* MapUITests.swift */ = {isa = PBXFileReference; lastKnownFileType = sourcecode.swift; path = MapUITests.swift; sourceTree = "<group>"; };
		DE9FD9C7279EE87B00279176 /* MapUITestsLaunchTests.swift */ = {isa = PBXFileReference; lastKnownFileType = sourcecode.swift; path = MapUITestsLaunchTests.swift; sourceTree = "<group>"; };
/* End PBXFileReference section */

/* Begin PBXFrameworksBuildPhase section */
		DE9FD99E279EE87B00279176 /* Frameworks */ = {
			isa = PBXFrameworksBuildPhase;
			buildActionMask = 2147483647;
			files = (
			);
			runOnlyForDeploymentPostprocessing = 0;
		};
		DE9FD9B4279EE87B00279176 /* Frameworks */ = {
			isa = PBXFrameworksBuildPhase;
			buildActionMask = 2147483647;
			files = (
			);
			runOnlyForDeploymentPostprocessing = 0;
		};
		DE9FD9BE279EE87B00279176 /* Frameworks */ = {
			isa = PBXFrameworksBuildPhase;
			buildActionMask = 2147483647;
			files = (
			);
			runOnlyForDeploymentPostprocessing = 0;
		};
/* End PBXFrameworksBuildPhase section */

/* Begin PBXGroup section */
		DE9FD998279EE87A00279176 = {
			isa = PBXGroup;
			children = (
				DE9FD9A3279EE87B00279176 /* Map */,
				DE9FD9BA279EE87B00279176 /* MapTests */,
				DE9FD9C4279EE87B00279176 /* MapUITests */,
				DE9FD9A2279EE87B00279176 /* Products */,
			);
			sourceTree = "<group>";
		};
		DE9FD9A2279EE87B00279176 /* Products */ = {
			isa = PBXGroup;
			children = (
				DE9FD9A1279EE87B00279176 /* Map.app */,
				DE9FD9B7279EE87B00279176 /* MapTests.xctest */,
				DE9FD9C1279EE87B00279176 /* MapUITests.xctest */,
			);
			name = Products;
			sourceTree = "<group>";
		};
		DE9FD9A3279EE87B00279176 /* Map */ = {
			isa = PBXGroup;
			children = (
				DE9FD9A4279EE87B00279176 /* AppDelegate.swift */,
				DE9FD9A6279EE87B00279176 /* SceneDelegate.swift */,
				DE9FD9A8279EE87B00279176 /* ViewController.swift */,
				DE9FD9AA279EE87B00279176 /* Main.storyboard */,
				DE9FD9AD279EE87B00279176 /* Assets.xcassets */,
				DE9FD9AF279EE87B00279176 /* LaunchScreen.storyboard */,
				DE9FD9B2279EE87B00279176 /* Info.plist */,
			);
			path = Map;
			sourceTree = "<group>";
		};
		DE9FD9BA279EE87B00279176 /* MapTests */ = {
			isa = PBXGroup;
			children = (
				DE9FD9BB279EE87B00279176 /* MapTests.swift */,
			);
			path = MapTests;
			sourceTree = "<group>";
		};
		DE9FD9C4279EE87B00279176 /* MapUITests */ = {
			isa = PBXGroup;
			children = (
				DE9FD9C5279EE87B00279176 /* MapUITests.swift */,
				DE9FD9C7279EE87B00279176 /* MapUITestsLaunchTests.swift */,
			);
			path = MapUITests;
			sourceTree = "<group>";
		};
/* End PBXGroup section */

/* Begin PBXNativeTarget section */
		DE9FD9A0279EE87B00279176 /* Map */ = {
			isa = PBXNativeTarget;
			buildConfigurationList = DE9FD9CB279EE87B00279176 /* Build configuration list for PBXNativeTarget "Map" */;
			buildPhases = (
				DE9FD99D279EE87B00279176 /* Sources */,
				DE9FD99E279EE87B00279176 /* Frameworks */,
				DE9FD99F279EE87B00279176 /* Resources */,
			);
			buildRules = (
			);
			dependencies = (
			);
			name = Map;
			productName = Map;
			productReference = DE9FD9A1279EE87B00279176 /* Map.app */;
			productType = "com.apple.product-type.application";
		};
		DE9FD9B6279EE87B00279176 /* MapTests */ = {
			isa = PBXNativeTarget;
			buildConfigurationList = DE9FD9CE279EE87B00279176 /* Build configuration list for PBXNativeTarget "MapTests" */;
			buildPhases = (
				DE9FD9B3279EE87B00279176 /* Sources */,
				DE9FD9B4279EE87B00279176 /* Frameworks */,
				DE9FD9B5279EE87B00279176 /* Resources */,
			);
			buildRules = (
			);
			dependencies = (
				DE9FD9B9279EE87B00279176 /* PBXTargetDependency */,
			);
			name = MapTests;
			productName = MapTests;
			productReference = DE9FD9B7279EE87B00279176 /* MapTests.xctest */;
			productType = "com.apple.product-type.bundle.unit-test";
		};
		DE9FD9C0279EE87B00279176 /* MapUITests */ = {
			isa = PBXNativeTarget;
			buildConfigurationList = DE9FD9D1279EE87B00279176 /* Build configuration list for PBXNativeTarget "MapUITests" */;
			buildPhases = (
				DE9FD9BD279EE87B00279176 /* Sources */,
				DE9FD9BE279EE87B00279176 /* Frameworks */,
				DE9FD9BF279EE87B00279176 /* Resources */,
			);
			buildRules = (
			);
			dependencies = (
				DE9FD9C3279EE87B00279176 /* PBXTargetDependency */,
			);
			name = MapUITests;
			productName = MapUITests;
			productReference = DE9FD9C1279EE87B00279176 /* MapUITests.xctest */;
			productType = "com.apple.product-type.bundle.ui-testing";
		};
/* End PBXNativeTarget section */

/* Begin PBXProject section */
		DE9FD999279EE87A00279176 /* Project object */ = {
			isa = PBXProject;
			attributes = {
				BuildIndependentTargetsInParallel = 1;
				LastSwiftUpdateCheck = 1320;
				LastUpgradeCheck = 1320;
				TargetAttributes = {
					DE9FD9A0279EE87B00279176 = {
						CreatedOnToolsVersion = 13.2.1;
					};
					DE9FD9B6279EE87B00279176 = {
						CreatedOnToolsVersion = 13.2.1;
						TestTargetID = DE9FD9A0279EE87B00279176;
					};
					DE9FD9C0279EE87B00279176 = {
						CreatedOnToolsVersion = 13.2.1;
						TestTargetID = DE9FD9A0279EE87B00279176;
					};
				};
			};
			buildConfigurationList = DE9FD99C279EE87A00279176 /* Build configuration list for PBXProject "Map" */;
			compatibilityVersion = "Xcode 13.0";
			developmentRegion = en;
			hasScannedForEncodings = 0;
			knownRegions = (
				en,
				Base,
			);
			mainGroup = DE9FD998279EE87A00279176;
			productRefGroup = DE9FD9A2279EE87B00279176 /* Products */;
			projectDirPath = "";
			projectRoot = "";
			targets = (
				DE9FD9A0279EE87B00279176 /* Map */,
				DE9FD9B6279EE87B00279176 /* MapTests */,
				DE9FD9C0279EE87B00279176 /* MapUITests */,
			);
		};
/* End PBXProject section */

/* Begin PBXResourcesBuildPhase section */
		DE9FD99F279EE87B00279176 /* Resources */ = {
			isa = PBXResourcesBuildPhase;
			buildActionMask = 2147483647;
			files = (
				DE9FD9B1279EE87B00279176 /* LaunchScreen.storyboard in Resources */,
				DE9FD9AE279EE87B00279176 /* Assets.xcassets in Resources */,
				DE9FD9AC279EE87B00279176 /* Main.storyboard in Resources */,
			);
			runOnlyForDeploymentPostprocessing = 0;
		};
		DE9FD9B5279EE87B00279176 /* Resources */ = {
			isa = PBXResourcesBuildPhase;
			buildActionMask = 2147483647;
			files = (
			);
			runOnlyForDeploymentPostprocessing = 0;
		};
		DE9FD9BF279EE87B00279176 /* Resources */ = {
			isa = PBXResourcesBuildPhase;
			buildActionMask = 2147483647;
			files = (
			);
			runOnlyForDeploymentPostprocessing = 0;
		};
/* End PBXResourcesBuildPhase section */

/* Begin PBXSourcesBuildPhase section */
		DE9FD99D279EE87B00279176 /* Sources */ = {
			isa = PBXSourcesBuildPhase;
			buildActionMask = 2147483647;
			files = (
				DE9FD9A9279EE87B00279176 /* ViewController.swift in Sources */,
				DE9FD9A5279EE87B00279176 /* AppDelegate.swift in Sources */,
				DE9FD9A7279EE87B00279176 /* SceneDelegate.swift in Sources */,
			);
			runOnlyForDeploymentPostprocessing = 0;
		};
		DE9FD9B3279EE87B00279176 /* Sources */ = {
			isa = PBXSourcesBuildPhase;
			buildActionMask = 2147483647;
			files = (
				DE9FD9BC279EE87B00279176 /* MapTests.swift in Sources */,
			);
			runOnlyForDeploymentPostprocessing = 0;
		};
		DE9FD9BD279EE87B00279176 /* Sources */ = {
			isa = PBXSourcesBuildPhase;
			buildActionMask = 2147483647;
			files = (
				DE9FD9C6279EE87B00279176 /* MapUITests.swift in Sources */,
				DE9FD9C8279EE87B00279176 /* MapUITestsLaunchTests.swift in Sources */,
			);
			runOnlyForDeploymentPostprocessing = 0;
		};
/* End PBXSourcesBuildPhase section */

/* Begin PBXTargetDependency section */
		DE9FD9B9279EE87B00279176 /* PBXTargetDependency */ = {
			isa = PBXTargetDependency;
			target = DE9FD9A0279EE87B00279176 /* Map */;
			targetProxy = DE9FD9B8279EE87B00279176 /* PBXContainerItemProxy */;
		};
		DE9FD9C3279EE87B00279176 /* PBXTargetDependency */ = {
			isa = PBXTargetDependency;
			target = DE9FD9A0279EE87B00279176 /* Map */;
			targetProxy = DE9FD9C2279EE87B00279176 /* PBXContainerItemProxy */;
		};
/* End PBXTargetDependency section */

/* Begin PBXVariantGroup section */
		DE9FD9AA279EE87B00279176 /* Main.storyboard */ = {
			isa = PBXVariantGroup;
			children = (
				DE9FD9AB279EE87B00279176 /* Base */,
			);
			name = Main.storyboard;
			sourceTree = "<group>";
		};
		DE9FD9AF279EE87B00279176 /* LaunchScreen.storyboard */ = {
			isa = PBXVariantGroup;
			children = (
				DE9FD9B0279EE87B00279176 /* Base */,
			);
			name = LaunchScreen.storyboard;
			sourceTree = "<group>";
		};
/* End PBXVariantGroup section */

/* Begin XCBuildConfiguration section */
		DE9FD9C9279EE87B00279176 /* Debug */ = {
			isa = XCBuildConfiguration;
			buildSettings = {
				ALWAYS_SEARCH_USER_PATHS = NO;
				CLANG_ANALYZER_NONNULL = YES;
				CLANG_ANALYZER_NUMBER_OBJECT_CONVERSION = YES_AGGRESSIVE;
				CLANG_CXX_LANGUAGE_STANDARD = "gnu++17";
				CLANG_CXX_LIBRARY = "libc++";
				CLANG_ENABLE_MODULES = YES;
				CLANG_ENABLE_OBJC_ARC = YES;
				CLANG_ENABLE_OBJC_WEAK = YES;
				CLANG_WARN_BLOCK_CAPTURE_AUTORELEASING = YES;
				CLANG_WARN_BOOL_CONVERSION = YES;
				CLANG_WARN_COMMA = YES;
				CLANG_WARN_CONSTANT_CONVERSION = YES;
				CLANG_WARN_DEPRECATED_OBJC_IMPLEMENTATIONS = YES;
				CLANG_WARN_DIRECT_OBJC_ISA_USAGE = YES_ERROR;
				CLANG_WARN_DOCUMENTATION_COMMENTS = YES;
				CLANG_WARN_EMPTY_BODY = YES;
				CLANG_WARN_ENUM_CONVERSION = YES;
				CLANG_WARN_INFINITE_RECURSION = YES;
				CLANG_WARN_INT_CONVERSION = YES;
				CLANG_WARN_NON_LITERAL_NULL_CONVERSION = YES;
				CLANG_WARN_OBJC_IMPLICIT_RETAIN_SELF = YES;
				CLANG_WARN_OBJC_LITERAL_CONVERSION = YES;
				CLANG_WARN_OBJC_ROOT_CLASS = YES_ERROR;
				CLANG_WARN_QUOTED_INCLUDE_IN_FRAMEWORK_HEADER = YES;
				CLANG_WARN_RANGE_LOOP_ANALYSIS = YES;
				CLANG_WARN_STRICT_PROTOTYPES = YES;
				CLANG_WARN_SUSPICIOUS_MOVE = YES;
				CLANG_WARN_UNGUARDED_AVAILABILITY = YES_AGGRESSIVE;
				CLANG_WARN_UNREACHABLE_CODE = YES;
				CLANG_WARN__DUPLICATE_METHOD_MATCH = YES;
				COPY_PHASE_STRIP = NO;
				DEBUG_INFORMATION_FORMAT = dwarf;
				ENABLE_STRICT_OBJC_MSGSEND = YES;
				ENABLE_TESTABILITY = YES;
				GCC_C_LANGUAGE_STANDARD = gnu11;
				GCC_DYNAMIC_NO_PIC = NO;
				GCC_NO_COMMON_BLOCKS = YES;
				GCC_OPTIMIZATION_LEVEL = 0;
				GCC_PREPROCESSOR_DEFINITIONS = (
					"DEBUG=1",
					"$(inherited)",
				);
				GCC_WARN_64_TO_32_BIT_CONVERSION = YES;
				GCC_WARN_ABOUT_RETURN_TYPE = YES_ERROR;
				GCC_WARN_UNDECLARED_SELECTOR = YES;
				GCC_WARN_UNINITIALIZED_AUTOS = YES_AGGRESSIVE;
				GCC_WARN_UNUSED_FUNCTION = YES;
				GCC_WARN_UNUSED_VARIABLE = YES;
				IPHONEOS_DEPLOYMENT_TARGET = 15.2;
				MTL_ENABLE_DEBUG_INFO = INCLUDE_SOURCE;
				MTL_FAST_MATH = YES;
				ONLY_ACTIVE_ARCH = YES;
				SDKROOT = iphoneos;
				SWIFT_ACTIVE_COMPILATION_CONDITIONS = DEBUG;
				SWIFT_OPTIMIZATION_LEVEL = "-Onone";
			};
			name = Debug;
		};
		DE9FD9CA279EE87B00279176 /* Release */ = {
			isa = XCBuildConfiguration;
			buildSettings = {
				ALWAYS_SEARCH_USER_PATHS = NO;
				CLANG_ANALYZER_NONNULL = YES;
				CLANG_ANALYZER_NUMBER_OBJECT_CONVERSION = YES_AGGRESSIVE;
				CLANG_CXX_LANGUAGE_STANDARD = "gnu++17";
				CLANG_CXX_LIBRARY = "libc++";
				CLANG_ENABLE_MODULES = YES;
				CLANG_ENABLE_OBJC_ARC = YES;
				CLANG_ENABLE_OBJC_WEAK = YES;
				CLANG_WARN_BLOCK_CAPTURE_AUTORELEASING = YES;
				CLANG_WARN_BOOL_CONVERSION = YES;
				CLANG_WARN_COMMA = YES;
				CLANG_WARN_CONSTANT_CONVERSION = YES;
				CLANG_WARN_DEPRECATED_OBJC_IMPLEMENTATIONS = YES;
				CLANG_WARN_DIRECT_OBJC_ISA_USAGE = YES_ERROR;
				CLANG_WARN_DOCUMENTATION_COMMENTS = YES;
				CLANG_WARN_EMPTY_BODY = YES;
				CLANG_WARN_ENUM_CONVERSION = YES;
				CLANG_WARN_INFINITE_RECURSION = YES;
				CLANG_WARN_INT_CONVERSION = YES;
				CLANG_WARN_NON_LITERAL_NULL_CONVERSION = YES;
				CLANG_WARN_OBJC_IMPLICIT_RETAIN_SELF = YES;
				CLANG_WARN_OBJC_LITERAL_CONVERSION = YES;
				CLANG_WARN_OBJC_ROOT_CLASS = YES_ERROR;
				CLANG_WARN_QUOTED_INCLUDE_IN_FRAMEWORK_HEADER = YES;
				CLANG_WARN_RANGE_LOOP_ANALYSIS = YES;
				CLANG_WARN_STRICT_PROTOTYPES = YES;
				CLANG_WARN_SUSPICIOUS_MOVE = YES;
				CLANG_WARN_UNGUARDED_AVAILABILITY = YES_AGGRESSIVE;
				CLANG_WARN_UNREACHABLE_CODE = YES;
				CLANG_WARN__DUPLICATE_METHOD_MATCH = YES;
				COPY_PHASE_STRIP = NO;
				DEBUG_INFORMATION_FORMAT = "dwarf-with-dsym";
				ENABLE_NS_ASSERTIONS = NO;
				ENABLE_STRICT_OBJC_MSGSEND = YES;
				GCC_C_LANGUAGE_STANDARD = gnu11;
				GCC_NO_COMMON_BLOCKS = YES;
				GCC_WARN_64_TO_32_BIT_CONVERSION = YES;
				GCC_WARN_ABOUT_RETURN_TYPE = YES_ERROR;
				GCC_WARN_UNDECLARED_SELECTOR = YES;
				GCC_WARN_UNINITIALIZED_AUTOS = YES_AGGRESSIVE;
				GCC_WARN_UNUSED_FUNCTION = YES;
				GCC_WARN_UNUSED_VARIABLE = YES;
				IPHONEOS_DEPLOYMENT_TARGET = 15.2;
				MTL_ENABLE_DEBUG_INFO = NO;
				MTL_FAST_MATH = YES;
				SDKROOT = iphoneos;
				SWIFT_COMPILATION_MODE = wholemodule;
				SWIFT_OPTIMIZATION_LEVEL = "-O";
				VALIDATE_PRODUCT = YES;
			};
			name = Release;
		};
		DE9FD9CC279EE87B00279176 /* Debug */ = {
			isa = XCBuildConfiguration;
			buildSettings = {
				ASSETCATALOG_COMPILER_APPICON_NAME = AppIcon;
				ASSETCATALOG_COMPILER_GLOBAL_ACCENT_COLOR_NAME = AccentColor;
				CODE_SIGN_STYLE = Automatic;
				CURRENT_PROJECT_VERSION = 1;
				GENERATE_INFOPLIST_FILE = YES;
				INFOPLIST_FILE = Map/Info.plist;
				INFOPLIST_KEY_UIApplicationSupportsIndirectInputEvents = YES;
				INFOPLIST_KEY_UILaunchStoryboardName = LaunchScreen;
				INFOPLIST_KEY_UIMainStoryboardFile = Main;
				INFOPLIST_KEY_UISupportedInterfaceOrientations = UIInterfaceOrientationPortrait;
				INFOPLIST_KEY_UISupportedInterfaceOrientations_iPad = "UIInterfaceOrientationPortrait UIInterfaceOrientationPortraitUpsideDown UIInterfaceOrientationLandscapeLeft UIInterfaceOrientationLandscapeRight";
				INFOPLIST_KEY_UISupportedInterfaceOrientations_iPhone = "UIInterfaceOrientationPortrait UIInterfaceOrientationLandscapeLeft UIInterfaceOrientationLandscapeRight";
				LD_RUNPATH_SEARCH_PATHS = (
					"$(inherited)",
					"@executable_path/Frameworks",
				);
				MARKETING_VERSION = 1.0;
				PRODUCT_BUNDLE_IDENTIFIER = "ILWAT-com.github.Map";
				PRODUCT_NAME = "$(TARGET_NAME)";
				SWIFT_EMIT_LOC_STRINGS = YES;
				SWIFT_VERSION = 5.0;
				TARGETED_DEVICE_FAMILY = 1;
			};
			name = Debug;
		};
		DE9FD9CD279EE87B00279176 /* Release */ = {
			isa = XCBuildConfiguration;
			buildSettings = {
				ASSETCATALOG_COMPILER_APPICON_NAME = AppIcon;
				ASSETCATALOG_COMPILER_GLOBAL_ACCENT_COLOR_NAME = AccentColor;
				CODE_SIGN_STYLE = Automatic;
				CURRENT_PROJECT_VERSION = 1;
				GENERATE_INFOPLIST_FILE = YES;
				INFOPLIST_FILE = Map/Info.plist;
				INFOPLIST_KEY_UIApplicationSupportsIndirectInputEvents = YES;
				INFOPLIST_KEY_UILaunchStoryboardName = LaunchScreen;
				INFOPLIST_KEY_UIMainStoryboardFile = Main;
				INFOPLIST_KEY_UISupportedInterfaceOrientations = UIInterfaceOrientationPortrait;
				INFOPLIST_KEY_UISupportedInterfaceOrientations_iPad = "UIInterfaceOrientationPortrait UIInterfaceOrientationPortraitUpsideDown UIInterfaceOrientationLandscapeLeft UIInterfaceOrientationLandscapeRight";
				INFOPLIST_KEY_UISupportedInterfaceOrientations_iPhone = "UIInterfaceOrientationPortrait UIInterfaceOrientationLandscapeLeft UIInterfaceOrientationLandscapeRight";
				LD_RUNPATH_SEARCH_PATHS = (
					"$(inherited)",
					"@executable_path/Frameworks",
				);
				MARKETING_VERSION = 1.0;
				PRODUCT_BUNDLE_IDENTIFIER = "ILWAT-com.github.Map";
				PRODUCT_NAME = "$(TARGET_NAME)";
				SWIFT_EMIT_LOC_STRINGS = YES;
				SWIFT_VERSION = 5.0;
				TARGETED_DEVICE_FAMILY = 1;
			};
			name = Release;
		};
		DE9FD9CF279EE87B00279176 /* Debug */ = {
			isa = XCBuildConfiguration;
			buildSettings = {
				ALWAYS_EMBED_SWIFT_STANDARD_LIBRARIES = YES;
				BUNDLE_LOADER = "$(TEST_HOST)";
				CODE_SIGN_STYLE = Automatic;
				CURRENT_PROJECT_VERSION = 1;
				GENERATE_INFOPLIST_FILE = YES;
				IPHONEOS_DEPLOYMENT_TARGET = 15.2;
				MARKETING_VERSION = 1.0;
				PRODUCT_BUNDLE_IDENTIFIER = "ILWAT-com.github.MapTests";
				PRODUCT_NAME = "$(TARGET_NAME)";
				SWIFT_EMIT_LOC_STRINGS = NO;
				SWIFT_VERSION = 5.0;
				TARGETED_DEVICE_FAMILY = "1,2";
				TEST_HOST = "$(BUILT_PRODUCTS_DIR)/Map.app/Map";
			};
			name = Debug;
		};
		DE9FD9D0279EE87B00279176 /* Release */ = {
			isa = XCBuildConfiguration;
			buildSettings = {
				ALWAYS_EMBED_SWIFT_STANDARD_LIBRARIES = YES;
				BUNDLE_LOADER = "$(TEST_HOST)";
				CODE_SIGN_STYLE = Automatic;
				CURRENT_PROJECT_VERSION = 1;
				GENERATE_INFOPLIST_FILE = YES;
				IPHONEOS_DEPLOYMENT_TARGET = 15.2;
				MARKETING_VERSION = 1.0;
				PRODUCT_BUNDLE_IDENTIFIER = "ILWAT-com.github.MapTests";
				PRODUCT_NAME = "$(TARGET_NAME)";
				SWIFT_EMIT_LOC_STRINGS = NO;
				SWIFT_VERSION = 5.0;
				TARGETED_DEVICE_FAMILY = "1,2";
				TEST_HOST = "$(BUILT_PRODUCTS_DIR)/Map.app/Map";
			};
			name = Release;
		};
		DE9FD9D2279EE87B00279176 /* Debug */ = {
			isa = XCBuildConfiguration;
			buildSettings = {
				ALWAYS_EMBED_SWIFT_STANDARD_LIBRARIES = YES;
				CODE_SIGN_STYLE = Automatic;
				CURRENT_PROJECT_VERSION = 1;
				GENERATE_INFOPLIST_FILE = YES;
				MARKETING_VERSION = 1.0;
				PRODUCT_BUNDLE_IDENTIFIER = "ILWAT-com.github.MapUITests";
				PRODUCT_NAME = "$(TARGET_NAME)";
				SWIFT_EMIT_LOC_STRINGS = NO;
				SWIFT_VERSION = 5.0;
				TARGETED_DEVICE_FAMILY = "1,2";
				TEST_TARGET_NAME = Map;
			};
			name = Debug;
		};
		DE9FD9D3279EE87B00279176 /* Release */ = {
			isa = XCBuildConfiguration;
			buildSettings = {
				ALWAYS_EMBED_SWIFT_STANDARD_LIBRARIES = YES;
				CODE_SIGN_STYLE = Automatic;
				CURRENT_PROJECT_VERSION = 1;
				GENERATE_INFOPLIST_FILE = YES;
				MARKETING_VERSION = 1.0;
				PRODUCT_BUNDLE_IDENTIFIER = "ILWAT-com.github.MapUITests";
				PRODUCT_NAME = "$(TARGET_NAME)";
				SWIFT_EMIT_LOC_STRINGS = NO;
				SWIFT_VERSION = 5.0;
				TARGETED_DEVICE_FAMILY = "1,2";
				TEST_TARGET_NAME = Map;
			};
			name = Release;
		};
/* End XCBuildConfiguration section */

/* Begin XCConfigurationList section */
		DE9FD99C279EE87A00279176 /* Build configuration list for PBXProject "Map" */ = {
			isa = XCConfigurationList;
			buildConfigurations = (
				DE9FD9C9279EE87B00279176 /* Debug */,
				DE9FD9CA279EE87B00279176 /* Release */,
			);
			defaultConfigurationIsVisible = 0;
			defaultConfigurationName = Release;
		};
		DE9FD9CB279EE87B00279176 /* Build configuration list for PBXNativeTarget "Map" */ = {
			isa = XCConfigurationList;
			buildConfigurations = (
				DE9FD9CC279EE87B00279176 /* Debug */,
				DE9FD9CD279EE87B00279176 /* Release */,
			);
			defaultConfigurationIsVisible = 0;
			defaultConfigurationName = Release;
		};
		DE9FD9CE279EE87B00279176 /* Build configuration list for PBXNativeTarget "MapTests" */ = {
			isa = XCConfigurationList;
			buildConfigurations = (
				DE9FD9CF279EE87B00279176 /* Debug */,
				DE9FD9D0279EE87B00279176 /* Release */,
			);
			defaultConfigurationIsVisible = 0;
			defaultConfigurationName = Release;
		};
		DE9FD9D1279EE87B00279176 /* Build configuration list for PBXNativeTarget "MapUITests" */ = {
			isa = XCConfigurationList;
			buildConfigurations = (
				DE9FD9D2279EE87B00279176 /* Debug */,
				DE9FD9D3279EE87B00279176 /* Release */,
			);
			defaultConfigurationIsVisible = 0;
			defaultConfigurationName = Release;
		};
/* End XCConfigurationList section */
	};
	rootObject = DE9FD999279EE87A00279176 /* Project object */;
}
