// !$*UTF8*$!
{
	archiveVersion = 1;
	classes = {
	};
	objectVersion = 55;
	objects = {

/* Begin PBXBuildFile section */
		D723B585277B269E001B9FD0 /* AppDelegate.swift in Sources */ = {isa = PBXBuildFile; fileRef = D723B584277B269E001B9FD0 /* AppDelegate.swift */; };
		D723B587277B269E001B9FD0 /* SceneDelegate.swift in Sources */ = {isa = PBXBuildFile; fileRef = D723B586277B269E001B9FD0 /* SceneDelegate.swift */; };
		D723B589277B269E001B9FD0 /* ViewController.swift in Sources */ = {isa = PBXBuildFile; fileRef = D723B588277B269E001B9FD0 /* ViewController.swift */; };
		D723B58C277B269E001B9FD0 /* Main.storyboard in Resources */ = {isa = PBXBuildFile; fileRef = D723B58A277B269E001B9FD0 /* Main.storyboard */; };
		D723B58E277B269F001B9FD0 /* Assets.xcassets in Resources */ = {isa = PBXBuildFile; fileRef = D723B58D277B269F001B9FD0 /* Assets.xcassets */; };
		D723B591277B269F001B9FD0 /* LaunchScreen.storyboard in Resources */ = {isa = PBXBuildFile; fileRef = D723B58F277B269F001B9FD0 /* LaunchScreen.storyboard */; };
		D723B59C277B26A0001B9FD0 /* HelloWorldTests.swift in Sources */ = {isa = PBXBuildFile; fileRef = D723B59B277B26A0001B9FD0 /* HelloWorldTests.swift */; };
		D723B5A6277B26A0001B9FD0 /* HelloWorldUITests.swift in Sources */ = {isa = PBXBuildFile; fileRef = D723B5A5277B26A0001B9FD0 /* HelloWorldUITests.swift */; };
		D723B5A8277B26A0001B9FD0 /* HelloWorldUITestsLaunchTests.swift in Sources */ = {isa = PBXBuildFile; fileRef = D723B5A7277B26A0001B9FD0 /* HelloWorldUITestsLaunchTests.swift */; };
/* End PBXBuildFile section */

/* Begin PBXContainerItemProxy section */
		D723B598277B26A0001B9FD0 /* PBXContainerItemProxy */ = {
			isa = PBXContainerItemProxy;
			containerPortal = D723B579277B269E001B9FD0 /* Project object */;
			proxyType = 1;
			remoteGlobalIDString = D723B580277B269E001B9FD0;
			remoteInfo = HelloWorld;
		};
		D723B5A2277B26A0001B9FD0 /* PBXContainerItemProxy */ = {
			isa = PBXContainerItemProxy;
			containerPortal = D723B579277B269E001B9FD0 /* Project object */;
			proxyType = 1;
			remoteGlobalIDString = D723B580277B269E001B9FD0;
			remoteInfo = HelloWorld;
		};
/* End PBXContainerItemProxy section */

/* Begin PBXFileReference section */
		D723B581277B269E001B9FD0 /* HelloWorld.app */ = {isa = PBXFileReference; explicitFileType = wrapper.application; includeInIndex = 0; path = HelloWorld.app; sourceTree = BUILT_PRODUCTS_DIR; };
		D723B584277B269E001B9FD0 /* AppDelegate.swift */ = {isa = PBXFileReference; lastKnownFileType = sourcecode.swift; path = AppDelegate.swift; sourceTree = "<group>"; };
		D723B586277B269E001B9FD0 /* SceneDelegate.swift */ = {isa = PBXFileReference; lastKnownFileType = sourcecode.swift; path = SceneDelegate.swift; sourceTree = "<group>"; };
		D723B588277B269E001B9FD0 /* ViewController.swift */ = {isa = PBXFileReference; lastKnownFileType = sourcecode.swift; path = ViewController.swift; sourceTree = "<group>"; };
		D723B58B277B269E001B9FD0 /* Base */ = {isa = PBXFileReference; lastKnownFileType = file.storyboard; name = Base; path = Base.lproj/Main.storyboard; sourceTree = "<group>"; };
		D723B58D277B269F001B9FD0 /* Assets.xcassets */ = {isa = PBXFileReference; lastKnownFileType = folder.assetcatalog; path = Assets.xcassets; sourceTree = "<group>"; };
		D723B590277B269F001B9FD0 /* Base */ = {isa = PBXFileReference; lastKnownFileType = file.storyboard; name = Base; path = Base.lproj/LaunchScreen.storyboard; sourceTree = "<group>"; };
		D723B592277B269F001B9FD0 /* Info.plist */ = {isa = PBXFileReference; lastKnownFileType = text.plist.xml; path = Info.plist; sourceTree = "<group>"; };
		D723B597277B26A0001B9FD0 /* HelloWorldTests.xctest */ = {isa = PBXFileReference; explicitFileType = wrapper.cfbundle; includeInIndex = 0; path = HelloWorldTests.xctest; sourceTree = BUILT_PRODUCTS_DIR; };
		D723B59B277B26A0001B9FD0 /* HelloWorldTests.swift */ = {isa = PBXFileReference; lastKnownFileType = sourcecode.swift; path = HelloWorldTests.swift; sourceTree = "<group>"; };
		D723B5A1277B26A0001B9FD0 /* HelloWorldUITests.xctest */ = {isa = PBXFileReference; explicitFileType = wrapper.cfbundle; includeInIndex = 0; path = HelloWorldUITests.xctest; sourceTree = BUILT_PRODUCTS_DIR; };
		D723B5A5277B26A0001B9FD0 /* HelloWorldUITests.swift */ = {isa = PBXFileReference; lastKnownFileType = sourcecode.swift; path = HelloWorldUITests.swift; sourceTree = "<group>"; };
		D723B5A7277B26A0001B9FD0 /* HelloWorldUITestsLaunchTests.swift */ = {isa = PBXFileReference; lastKnownFileType = sourcecode.swift; path = HelloWorldUITestsLaunchTests.swift; sourceTree = "<group>"; };
/* End PBXFileReference section */

/* Begin PBXFrameworksBuildPhase section */
		D723B57E277B269E001B9FD0 /* Frameworks */ = {
			isa = PBXFrameworksBuildPhase;
			buildActionMask = 2147483647;
			files = (
			);
			runOnlyForDeploymentPostprocessing = 0;
		};
		D723B594277B26A0001B9FD0 /* Frameworks */ = {
			isa = PBXFrameworksBuildPhase;
			buildActionMask = 2147483647;
			files = (
			);
			runOnlyForDeploymentPostprocessing = 0;
		};
		D723B59E277B26A0001B9FD0 /* Frameworks */ = {
			isa = PBXFrameworksBuildPhase;
			buildActionMask = 2147483647;
			files = (
			);
			runOnlyForDeploymentPostprocessing = 0;
		};
/* End PBXFrameworksBuildPhase section */

/* Begin PBXGroup section */
		D723B578277B269E001B9FD0 = {
			isa = PBXGroup;
			children = (
				D723B583277B269E001B9FD0 /* HelloWorld */,
				D723B59A277B26A0001B9FD0 /* HelloWorldTests */,
				D723B5A4277B26A0001B9FD0 /* HelloWorldUITests */,
				D723B582277B269E001B9FD0 /* Products */,
			);
			sourceTree = "<group>";
		};
		D723B582277B269E001B9FD0 /* Products */ = {
			isa = PBXGroup;
			children = (
				D723B581277B269E001B9FD0 /* HelloWorld.app */,
				D723B597277B26A0001B9FD0 /* HelloWorldTests.xctest */,
				D723B5A1277B26A0001B9FD0 /* HelloWorldUITests.xctest */,
			);
			name = Products;
			sourceTree = "<group>";
		};
		D723B583277B269E001B9FD0 /* HelloWorld */ = {
			isa = PBXGroup;
			children = (
				D723B584277B269E001B9FD0 /* AppDelegate.swift */,
				D723B586277B269E001B9FD0 /* SceneDelegate.swift */,
				D723B588277B269E001B9FD0 /* ViewController.swift */,
				D723B58A277B269E001B9FD0 /* Main.storyboard */,
				D723B58D277B269F001B9FD0 /* Assets.xcassets */,
				D723B58F277B269F001B9FD0 /* LaunchScreen.storyboard */,
				D723B592277B269F001B9FD0 /* Info.plist */,
			);
			path = HelloWorld;
			sourceTree = "<group>";
		};
		D723B59A277B26A0001B9FD0 /* HelloWorldTests */ = {
			isa = PBXGroup;
			children = (
				D723B59B277B26A0001B9FD0 /* HelloWorldTests.swift */,
			);
			path = HelloWorldTests;
			sourceTree = "<group>";
		};
		D723B5A4277B26A0001B9FD0 /* HelloWorldUITests */ = {
			isa = PBXGroup;
			children = (
				D723B5A5277B26A0001B9FD0 /* HelloWorldUITests.swift */,
				D723B5A7277B26A0001B9FD0 /* HelloWorldUITestsLaunchTests.swift */,
			);
			path = HelloWorldUITests;
			sourceTree = "<group>";
		};
/* End PBXGroup section */

/* Begin PBXNativeTarget section */
		D723B580277B269E001B9FD0 /* HelloWorld */ = {
			isa = PBXNativeTarget;
			buildConfigurationList = D723B5AB277B26A0001B9FD0 /* Build configuration list for PBXNativeTarget "HelloWorld" */;
			buildPhases = (
				D723B57D277B269E001B9FD0 /* Sources */,
				D723B57E277B269E001B9FD0 /* Frameworks */,
				D723B57F277B269E001B9FD0 /* Resources */,
			);
			buildRules = (
			);
			dependencies = (
			);
			name = HelloWorld;
			productName = HelloWorld;
			productReference = D723B581277B269E001B9FD0 /* HelloWorld.app */;
			productType = "com.apple.product-type.application";
		};
		D723B596277B26A0001B9FD0 /* HelloWorldTests */ = {
			isa = PBXNativeTarget;
			buildConfigurationList = D723B5AE277B26A0001B9FD0 /* Build configuration list for PBXNativeTarget "HelloWorldTests" */;
			buildPhases = (
				D723B593277B26A0001B9FD0 /* Sources */,
				D723B594277B26A0001B9FD0 /* Frameworks */,
				D723B595277B26A0001B9FD0 /* Resources */,
			);
			buildRules = (
			);
			dependencies = (
				D723B599277B26A0001B9FD0 /* PBXTargetDependency */,
			);
			name = HelloWorldTests;
			productName = HelloWorldTests;
			productReference = D723B597277B26A0001B9FD0 /* HelloWorldTests.xctest */;
			productType = "com.apple.product-type.bundle.unit-test";
		};
		D723B5A0277B26A0001B9FD0 /* HelloWorldUITests */ = {
			isa = PBXNativeTarget;
			buildConfigurationList = D723B5B1277B26A0001B9FD0 /* Build configuration list for PBXNativeTarget "HelloWorldUITests" */;
			buildPhases = (
				D723B59D277B26A0001B9FD0 /* Sources */,
				D723B59E277B26A0001B9FD0 /* Frameworks */,
				D723B59F277B26A0001B9FD0 /* Resources */,
			);
			buildRules = (
			);
			dependencies = (
				D723B5A3277B26A0001B9FD0 /* PBXTargetDependency */,
			);
			name = HelloWorldUITests;
			productName = HelloWorldUITests;
			productReference = D723B5A1277B26A0001B9FD0 /* HelloWorldUITests.xctest */;
			productType = "com.apple.product-type.bundle.ui-testing";
		};
/* End PBXNativeTarget section */

/* Begin PBXProject section */
		D723B579277B269E001B9FD0 /* Project object */ = {
			isa = PBXProject;
			attributes = {
				BuildIndependentTargetsInParallel = 1;
				LastSwiftUpdateCheck = 1320;
				LastUpgradeCheck = 1320;
				TargetAttributes = {
					D723B580277B269E001B9FD0 = {
						CreatedOnToolsVersion = 13.2.1;
					};
					D723B596277B26A0001B9FD0 = {
						CreatedOnToolsVersion = 13.2.1;
						TestTargetID = D723B580277B269E001B9FD0;
					};
					D723B5A0277B26A0001B9FD0 = {
						CreatedOnToolsVersion = 13.2.1;
						TestTargetID = D723B580277B269E001B9FD0;
					};
				};
			};
			buildConfigurationList = D723B57C277B269E001B9FD0 /* Build configuration list for PBXProject "HelloWorld" */;
			compatibilityVersion = "Xcode 13.0";
			developmentRegion = en;
			hasScannedForEncodings = 0;
			knownRegions = (
				en,
				Base,
			);
			mainGroup = D723B578277B269E001B9FD0;
			productRefGroup = D723B582277B269E001B9FD0 /* Products */;
			projectDirPath = "";
			projectRoot = "";
			targets = (
				D723B580277B269E001B9FD0 /* HelloWorld */,
				D723B596277B26A0001B9FD0 /* HelloWorldTests */,
				D723B5A0277B26A0001B9FD0 /* HelloWorldUITests */,
			);
		};
/* End PBXProject section */

/* Begin PBXResourcesBuildPhase section */
		D723B57F277B269E001B9FD0 /* Resources */ = {
			isa = PBXResourcesBuildPhase;
			buildActionMask = 2147483647;
			files = (
				D723B591277B269F001B9FD0 /* LaunchScreen.storyboard in Resources */,
				D723B58E277B269F001B9FD0 /* Assets.xcassets in Resources */,
				D723B58C277B269E001B9FD0 /* Main.storyboard in Resources */,
			);
			runOnlyForDeploymentPostprocessing = 0;
		};
		D723B595277B26A0001B9FD0 /* Resources */ = {
			isa = PBXResourcesBuildPhase;
			buildActionMask = 2147483647;
			files = (
			);
			runOnlyForDeploymentPostprocessing = 0;
		};
		D723B59F277B26A0001B9FD0 /* Resources */ = {
			isa = PBXResourcesBuildPhase;
			buildActionMask = 2147483647;
			files = (
			);
			runOnlyForDeploymentPostprocessing = 0;
		};
/* End PBXResourcesBuildPhase section */

/* Begin PBXSourcesBuildPhase section */
		D723B57D277B269E001B9FD0 /* Sources */ = {
			isa = PBXSourcesBuildPhase;
			buildActionMask = 2147483647;
			files = (
				D723B589277B269E001B9FD0 /* ViewController.swift in Sources */,
				D723B585277B269E001B9FD0 /* AppDelegate.swift in Sources */,
				D723B587277B269E001B9FD0 /* SceneDelegate.swift in Sources */,
			);
			runOnlyForDeploymentPostprocessing = 0;
		};
		D723B593277B26A0001B9FD0 /* Sources */ = {
			isa = PBXSourcesBuildPhase;
			buildActionMask = 2147483647;
			files = (
				D723B59C277B26A0001B9FD0 /* HelloWorldTests.swift in Sources */,
			);
			runOnlyForDeploymentPostprocessing = 0;
		};
		D723B59D277B26A0001B9FD0 /* Sources */ = {
			isa = PBXSourcesBuildPhase;
			buildActionMask = 2147483647;
			files = (
				D723B5A8277B26A0001B9FD0 /* HelloWorldUITestsLaunchTests.swift in Sources */,
				D723B5A6277B26A0001B9FD0 /* HelloWorldUITests.swift in Sources */,
			);
			runOnlyForDeploymentPostprocessing = 0;
		};
/* End PBXSourcesBuildPhase section */

/* Begin PBXTargetDependency section */
		D723B599277B26A0001B9FD0 /* PBXTargetDependency */ = {
			isa = PBXTargetDependency;
			target = D723B580277B269E001B9FD0 /* HelloWorld */;
			targetProxy = D723B598277B26A0001B9FD0 /* PBXContainerItemProxy */;
		};
		D723B5A3277B26A0001B9FD0 /* PBXTargetDependency */ = {
			isa = PBXTargetDependency;
			target = D723B580277B269E001B9FD0 /* HelloWorld */;
			targetProxy = D723B5A2277B26A0001B9FD0 /* PBXContainerItemProxy */;
		};
/* End PBXTargetDependency section */

/* Begin PBXVariantGroup section */
		D723B58A277B269E001B9FD0 /* Main.storyboard */ = {
			isa = PBXVariantGroup;
			children = (
				D723B58B277B269E001B9FD0 /* Base */,
			);
			name = Main.storyboard;
			sourceTree = "<group>";
		};
		D723B58F277B269F001B9FD0 /* LaunchScreen.storyboard */ = {
			isa = PBXVariantGroup;
			children = (
				D723B590277B269F001B9FD0 /* Base */,
			);
			name = LaunchScreen.storyboard;
			sourceTree = "<group>";
		};
/* End PBXVariantGroup section */

/* Begin XCBuildConfiguration section */
		D723B5A9277B26A0001B9FD0 /* Debug */ = {
			isa = XCBuildConfiguration;
			buildSettings = {
				ALWAYS_SEARCH_USER_PATHS = NO;
				CLANG_ANALYZER_NONNULL = YES;
				CLANG_ANALYZER_NUMBER_OBJECT_CONVERSION = YES_AGGRESSIVE;
				CLANG_CXX_LANGUAGE_STANDARD = "gnu++17";
				CLANG_CXX_LIBRARY = "libc++";
				CLANG_ENABLE_MODULES = YES;
				CLANG_ENABLE_OBJC_ARC = YES;
				CLANG_ENABLE_OBJC_WEAK = YES;
				CLANG_WARN_BLOCK_CAPTURE_AUTORELEASING = YES;
				CLANG_WARN_BOOL_CONVERSION = YES;
				CLANG_WARN_COMMA = YES;
				CLANG_WARN_CONSTANT_CONVERSION = YES;
				CLANG_WARN_DEPRECATED_OBJC_IMPLEMENTATIONS = YES;
				CLANG_WARN_DIRECT_OBJC_ISA_USAGE = YES_ERROR;
				CLANG_WARN_DOCUMENTATION_COMMENTS = YES;
				CLANG_WARN_EMPTY_BODY = YES;
				CLANG_WARN_ENUM_CONVERSION = YES;
				CLANG_WARN_INFINITE_RECURSION = YES;
				CLANG_WARN_INT_CONVERSION = YES;
				CLANG_WARN_NON_LITERAL_NULL_CONVERSION = YES;
				CLANG_WARN_OBJC_IMPLICIT_RETAIN_SELF = YES;
				CLANG_WARN_OBJC_LITERAL_CONVERSION = YES;
				CLANG_WARN_OBJC_ROOT_CLASS = YES_ERROR;
				CLANG_WARN_QUOTED_INCLUDE_IN_FRAMEWORK_HEADER = YES;
				CLANG_WARN_RANGE_LOOP_ANALYSIS = YES;
				CLANG_WARN_STRICT_PROTOTYPES = YES;
				CLANG_WARN_SUSPICIOUS_MOVE = YES;
				CLANG_WARN_UNGUARDED_AVAILABILITY = YES_AGGRESSIVE;
				CLANG_WARN_UNREACHABLE_CODE = YES;
				CLANG_WARN__DUPLICATE_METHOD_MATCH = YES;
				COPY_PHASE_STRIP = NO;
				DEBUG_INFORMATION_FORMAT = dwarf;
				ENABLE_STRICT_OBJC_MSGSEND = YES;
				ENABLE_TESTABILITY = YES;
				GCC_C_LANGUAGE_STANDARD = gnu11;
				GCC_DYNAMIC_NO_PIC = NO;
				GCC_NO_COMMON_BLOCKS = YES;
				GCC_OPTIMIZATION_LEVEL = 0;
				GCC_PREPROCESSOR_DEFINITIONS = (
					"DEBUG=1",
					"$(inherited)",
				);
				GCC_WARN_64_TO_32_BIT_CONVERSION = YES;
				GCC_WARN_ABOUT_RETURN_TYPE = YES_ERROR;
				GCC_WARN_UNDECLARED_SELECTOR = YES;
				GCC_WARN_UNINITIALIZED_AUTOS = YES_AGGRESSIVE;
				GCC_WARN_UNUSED_FUNCTION = YES;
				GCC_WARN_UNUSED_VARIABLE = YES;
				IPHONEOS_DEPLOYMENT_TARGET = 15.2;
				MTL_ENABLE_DEBUG_INFO = INCLUDE_SOURCE;
				MTL_FAST_MATH = YES;
				ONLY_ACTIVE_ARCH = YES;
				SDKROOT = iphoneos;
				SWIFT_ACTIVE_COMPILATION_CONDITIONS = DEBUG;
				SWIFT_OPTIMIZATION_LEVEL = "-Onone";
			};
			name = Debug;
		};
		D723B5AA277B26A0001B9FD0 /* Release */ = {
			isa = XCBuildConfiguration;
			buildSettings = {
				ALWAYS_SEARCH_USER_PATHS = NO;
				CLANG_ANALYZER_NONNULL = YES;
				CLANG_ANALYZER_NUMBER_OBJECT_CONVERSION = YES_AGGRESSIVE;
				CLANG_CXX_LANGUAGE_STANDARD = "gnu++17";
				CLANG_CXX_LIBRARY = "libc++";
				CLANG_ENABLE_MODULES = YES;
				CLANG_ENABLE_OBJC_ARC = YES;
				CLANG_ENABLE_OBJC_WEAK = YES;
				CLANG_WARN_BLOCK_CAPTURE_AUTORELEASING = YES;
				CLANG_WARN_BOOL_CONVERSION = YES;
				CLANG_WARN_COMMA = YES;
				CLANG_WARN_CONSTANT_CONVERSION = YES;
				CLANG_WARN_DEPRECATED_OBJC_IMPLEMENTATIONS = YES;
				CLANG_WARN_DIRECT_OBJC_ISA_USAGE = YES_ERROR;
				CLANG_WARN_DOCUMENTATION_COMMENTS = YES;
				CLANG_WARN_EMPTY_BODY = YES;
				CLANG_WARN_ENUM_CONVERSION = YES;
				CLANG_WARN_INFINITE_RECURSION = YES;
				CLANG_WARN_INT_CONVERSION = YES;
				CLANG_WARN_NON_LITERAL_NULL_CONVERSION = YES;
				CLANG_WARN_OBJC_IMPLICIT_RETAIN_SELF = YES;
				CLANG_WARN_OBJC_LITERAL_CONVERSION = YES;
				CLANG_WARN_OBJC_ROOT_CLASS = YES_ERROR;
				CLANG_WARN_QUOTED_INCLUDE_IN_FRAMEWORK_HEADER = YES;
				CLANG_WARN_RANGE_LOOP_ANALYSIS = YES;
				CLANG_WARN_STRICT_PROTOTYPES = YES;
				CLANG_WARN_SUSPICIOUS_MOVE = YES;
				CLANG_WARN_UNGUARDED_AVAILABILITY = YES_AGGRESSIVE;
				CLANG_WARN_UNREACHABLE_CODE = YES;
				CLANG_WARN__DUPLICATE_METHOD_MATCH = YES;
				COPY_PHASE_STRIP = NO;
				DEBUG_INFORMATION_FORMAT = "dwarf-with-dsym";
				ENABLE_NS_ASSERTIONS = NO;
				ENABLE_STRICT_OBJC_MSGSEND = YES;
				GCC_C_LANGUAGE_STANDARD = gnu11;
				GCC_NO_COMMON_BLOCKS = YES;
				GCC_WARN_64_TO_32_BIT_CONVERSION = YES;
				GCC_WARN_ABOUT_RETURN_TYPE = YES_ERROR;
				GCC_WARN_UNDECLARED_SELECTOR = YES;
				GCC_WARN_UNINITIALIZED_AUTOS = YES_AGGRESSIVE;
				GCC_WARN_UNUSED_FUNCTION = YES;
				GCC_WARN_UNUSED_VARIABLE = YES;
				IPHONEOS_DEPLOYMENT_TARGET = 15.2;
				MTL_ENABLE_DEBUG_INFO = NO;
				MTL_FAST_MATH = YES;
				SDKROOT = iphoneos;
				SWIFT_COMPILATION_MODE = wholemodule;
				SWIFT_OPTIMIZATION_LEVEL = "-O";
				VALIDATE_PRODUCT = YES;
			};
			name = Release;
		};
		D723B5AC277B26A0001B9FD0 /* Debug */ = {
			isa = XCBuildConfiguration;
			buildSettings = {
				ASSETCATALOG_COMPILER_APPICON_NAME = AppIcon;
				ASSETCATALOG_COMPILER_GLOBAL_ACCENT_COLOR_NAME = AccentColor;
				CODE_SIGN_STYLE = Automatic;
				CURRENT_PROJECT_VERSION = 1;
				GENERATE_INFOPLIST_FILE = YES;
				INFOPLIST_FILE = HelloWorld/Info.plist;
				INFOPLIST_KEY_UIApplicationSupportsIndirectInputEvents = YES;
				INFOPLIST_KEY_UILaunchStoryboardName = LaunchScreen;
				INFOPLIST_KEY_UIMainStoryboardFile = Main;
				INFOPLIST_KEY_UISupportedInterfaceOrientations_iPad = "UIInterfaceOrientationPortrait UIInterfaceOrientationPortraitUpsideDown UIInterfaceOrientationLandscapeLeft UIInterfaceOrientationLandscapeRight";
				INFOPLIST_KEY_UISupportedInterfaceOrientations_iPhone = "UIInterfaceOrientationPortrait UIInterfaceOrientationLandscapeLeft UIInterfaceOrientationLandscapeRight";
				LD_RUNPATH_SEARCH_PATHS = (
					"$(inherited)",
					"@executable_path/Frameworks",
				);
				MARKETING_VERSION = 1.0;
				PRODUCT_BUNDLE_IDENTIFIER = "ILWAT-com.github.HelloWorld";
				PRODUCT_NAME = "$(TARGET_NAME)";
				SWIFT_EMIT_LOC_STRINGS = YES;
				SWIFT_VERSION = 5.0;
				TARGETED_DEVICE_FAMILY = "1,2";
			};
			name = Debug;
		};
		D723B5AD277B26A0001B9FD0 /* Release */ = {
			isa = XCBuildConfiguration;
			buildSettings = {
				ASSETCATALOG_COMPILER_APPICON_NAME = AppIcon;
				ASSETCATALOG_COMPILER_GLOBAL_ACCENT_COLOR_NAME = AccentColor;
				CODE_SIGN_STYLE = Automatic;
				CURRENT_PROJECT_VERSION = 1;
				GENERATE_INFOPLIST_FILE = YES;
				INFOPLIST_FILE = HelloWorld/Info.plist;
				INFOPLIST_KEY_UIApplicationSupportsIndirectInputEvents = YES;
				INFOPLIST_KEY_UILaunchStoryboardName = LaunchScreen;
				INFOPLIST_KEY_UIMainStoryboardFile = Main;
				INFOPLIST_KEY_UISupportedInterfaceOrientations_iPad = "UIInterfaceOrientationPortrait UIInterfaceOrientationPortraitUpsideDown UIInterfaceOrientationLandscapeLeft UIInterfaceOrientationLandscapeRight";
				INFOPLIST_KEY_UISupportedInterfaceOrientations_iPhone = "UIInterfaceOrientationPortrait UIInterfaceOrientationLandscapeLeft UIInterfaceOrientationLandscapeRight";
				LD_RUNPATH_SEARCH_PATHS = (
					"$(inherited)",
					"@executable_path/Frameworks",
				);
				MARKETING_VERSION = 1.0;
				PRODUCT_BUNDLE_IDENTIFIER = "ILWAT-com.github.HelloWorld";
				PRODUCT_NAME = "$(TARGET_NAME)";
				SWIFT_EMIT_LOC_STRINGS = YES;
				SWIFT_VERSION = 5.0;
				TARGETED_DEVICE_FAMILY = "1,2";
			};
			name = Release;
		};
		D723B5AF277B26A0001B9FD0 /* Debug */ = {
			isa = XCBuildConfiguration;
			buildSettings = {
				ALWAYS_EMBED_SWIFT_STANDARD_LIBRARIES = YES;
				BUNDLE_LOADER = "$(TEST_HOST)";
				CODE_SIGN_STYLE = Automatic;
				CURRENT_PROJECT_VERSION = 1;
				GENERATE_INFOPLIST_FILE = YES;
				IPHONEOS_DEPLOYMENT_TARGET = 15.2;
				MARKETING_VERSION = 1.0;
				PRODUCT_BUNDLE_IDENTIFIER = "ILWAT-com.github.HelloWorldTests";
				PRODUCT_NAME = "$(TARGET_NAME)";
				SWIFT_EMIT_LOC_STRINGS = NO;
				SWIFT_VERSION = 5.0;
				TARGETED_DEVICE_FAMILY = "1,2";
				TEST_HOST = "$(BUILT_PRODUCTS_DIR)/HelloWorld.app/HelloWorld";
			};
			name = Debug;
		};
		D723B5B0277B26A0001B9FD0 /* Release */ = {
			isa = XCBuildConfiguration;
			buildSettings = {
				ALWAYS_EMBED_SWIFT_STANDARD_LIBRARIES = YES;
				BUNDLE_LOADER = "$(TEST_HOST)";
				CODE_SIGN_STYLE = Automatic;
				CURRENT_PROJECT_VERSION = 1;
				GENERATE_INFOPLIST_FILE = YES;
				IPHONEOS_DEPLOYMENT_TARGET = 15.2;
				MARKETING_VERSION = 1.0;
				PRODUCT_BUNDLE_IDENTIFIER = "ILWAT-com.github.HelloWorldTests";
				PRODUCT_NAME = "$(TARGET_NAME)";
				SWIFT_EMIT_LOC_STRINGS = NO;
				SWIFT_VERSION = 5.0;
				TARGETED_DEVICE_FAMILY = "1,2";
				TEST_HOST = "$(BUILT_PRODUCTS_DIR)/HelloWorld.app/HelloWorld";
			};
			name = Release;
		};
		D723B5B2277B26A0001B9FD0 /* Debug */ = {
			isa = XCBuildConfiguration;
			buildSettings = {
				ALWAYS_EMBED_SWIFT_STANDARD_LIBRARIES = YES;
				CODE_SIGN_STYLE = Automatic;
				CURRENT_PROJECT_VERSION = 1;
				GENERATE_INFOPLIST_FILE = YES;
				MARKETING_VERSION = 1.0;
				PRODUCT_BUNDLE_IDENTIFIER = "ILWAT-com.github.HelloWorldUITests";
				PRODUCT_NAME = "$(TARGET_NAME)";
				SWIFT_EMIT_LOC_STRINGS = NO;
				SWIFT_VERSION = 5.0;
				TARGETED_DEVICE_FAMILY = "1,2";
				TEST_TARGET_NAME = HelloWorld;
			};
			name = Debug;
		};
		D723B5B3277B26A0001B9FD0 /* Release */ = {
			isa = XCBuildConfiguration;
			buildSettings = {
				ALWAYS_EMBED_SWIFT_STANDARD_LIBRARIES = YES;
				CODE_SIGN_STYLE = Automatic;
				CURRENT_PROJECT_VERSION = 1;
				GENERATE_INFOPLIST_FILE = YES;
				MARKETING_VERSION = 1.0;
				PRODUCT_BUNDLE_IDENTIFIER = "ILWAT-com.github.HelloWorldUITests";
				PRODUCT_NAME = "$(TARGET_NAME)";
				SWIFT_EMIT_LOC_STRINGS = NO;
				SWIFT_VERSION = 5.0;
				TARGETED_DEVICE_FAMILY = "1,2";
				TEST_TARGET_NAME = HelloWorld;
			};
			name = Release;
		};
/* End XCBuildConfiguration section */

/* Begin XCConfigurationList section */
		D723B57C277B269E001B9FD0 /* Build configuration list for PBXProject "HelloWorld" */ = {
			isa = XCConfigurationList;
			buildConfigurations = (
				D723B5A9277B26A0001B9FD0 /* Debug */,
				D723B5AA277B26A0001B9FD0 /* Release */,
			);
			defaultConfigurationIsVisible = 0;
			defaultConfigurationName = Release;
		};
		D723B5AB277B26A0001B9FD0 /* Build configuration list for PBXNativeTarget "HelloWorld" */ = {
			isa = XCConfigurationList;
			buildConfigurations = (
				D723B5AC277B26A0001B9FD0 /* Debug */,
				D723B5AD277B26A0001B9FD0 /* Release */,
			);
			defaultConfigurationIsVisible = 0;
			defaultConfigurationName = Release;
		};
		D723B5AE277B26A0001B9FD0 /* Build configuration list for PBXNativeTarget "HelloWorldTests" */ = {
			isa = XCConfigurationList;
			buildConfigurations = (
				D723B5AF277B26A0001B9FD0 /* Debug */,
				D723B5B0277B26A0001B9FD0 /* Release */,
			);
			defaultConfigurationIsVisible = 0;
			defaultConfigurationName = Release;
		};
		D723B5B1277B26A0001B9FD0 /* Build configuration list for PBXNativeTarget "HelloWorldUITests" */ = {
			isa = XCConfigurationList;
			buildConfigurations = (
				D723B5B2277B26A0001B9FD0 /* Debug */,
				D723B5B3277B26A0001B9FD0 /* Release */,
			);
			defaultConfigurationIsVisible = 0;
			defaultConfigurationName = Release;
		};
/* End XCConfigurationList section */
	};
	rootObject = D723B579277B269E001B9FD0 /* Project object */;
}
